
Microsoft Visual Studio Solution File, Format Version 12.00
# Visual Studio Version 17
VisualStudioVersion = 17.0.31912.275
MinimumVisualStudioVersion = 10.0.40219.1
Project("{FAE04EC0-301F-11D3-BF4B-00C04F79EFBC}") = "GtaVersionSelector", "GtaVersionSelector.csproj", "{6FCEC7A3-B362-4965-9CBB-42BB47BD9873}"
EndProject
Global
	GlobalSection(SolutionConfigurationPlatforms) = preSolution
		Debug|Any CPU = Debug|Any CPU
		Release|Any CPU = Release|Any CPU
	EndGlobalSection
	GlobalSection(ProjectConfigurationPlatforms) = postSolution
		{6FCEC7A3-B362-4965-9CBB-42BB47BD9873}.Debug|Any CPU.ActiveCfg = Debug|Any CPU
		{6FCEC7A3-B362-4965-9CBB-42BB47BD9873}.Debug|Any CPU.Build.0 = Debug|Any CPU
		{6FCEC7A3-B362-4965-9CBB-42BB47BD9873}.Release|Any CPU.ActiveCfg = Release|Any CPU
		{6FCEC7A3-B362-4965-9CBB-42BB47BD9873}.Release|Any CPU.Build.0 = Release|Any CPU
	EndGlobalSection
	GlobalSection(SolutionProperties) = preSolution
		HideSolutionNode = FALSE
	EndGlobalSection
	GlobalSection(ExtensibilityGlobals) = postSolution
		SolutionGuid = {124AE9E9-2029-4053-B344-452E8AF6BCC2}
	EndGlobalSection
EndGlobal
